
Microsoft Visual Studio Solution File, Format Version 12.00
# Visual Studio Version 17
VisualStudioVersion = 17.5.002.0
MinimumVisualStudioVersion = 10.0.40219.1
Project("{2150E333-8FDC-42A3-9474-1A3956D46DE8}") = "src", "src", "{AAD4DEBA-D599-4CEB-94D8-78AF07814E92}"
EndProject
Project("{2150E333-8FDC-42A3-9474-1A3956D46DE8}") = "webhooks", "webhooks", "{73FA53BC-F75D-43DE-B597-09B9E2EAC89E}"
EndProject
Project("{2150E333-8FDC-42A3-9474-1A3956D46DE8}") = "src", "src", "{69F90A31-1755-4A3A-9817-F38D9BA99CB5}"
EndProject
Project("{9A19103F-16F7-4668-BE54-9A1E7A4F7556}") = "webhooks", "src\webhooks\src\webhooks\webhooks.csproj", "{5535A155-401F-4445-9E34-A339B004294C}"
EndProject
Project("{2150E333-8FDC-42A3-9474-1A3956D46DE8}") = "test", "test", "{F3E4A91B-29DD-42A9-9B37-780FB4693DD5}"
EndProject
Project("{9A19103F-16F7-4668-BE54-9A1E7A4F7556}") = "webhooks.Tests", "src\webhooks\test\webhooks.Tests\webhooks.Tests.csproj", "{1B8455E0-EE4B-47F9-A7DB-81879FC1E450}"
EndProject
Project("{2150E333-8FDC-42A3-9474-1A3956D46DE8}") = "EsepWebhook", "EsepWebhook", "{41C109D8-AEBB-4420-BE4D-6347B4824E01}"
EndProject
Project("{2150E333-8FDC-42A3-9474-1A3956D46DE8}") = "src", "src", "{FA50B859-D7A0-4FE3-850F-B4D902F7690B}"
EndProject
Project("{9A19103F-16F7-4668-BE54-9A1E7A4F7556}") = "EsepWebhook", "src\webhooks\EsepWebhook\src\EsepWebhook\EsepWebhook.csproj", "{5A21B660-378B-4EE4-B1F6-475358AEBA40}"
EndProject
Project("{2150E333-8FDC-42A3-9474-1A3956D46DE8}") = "test", "test", "{0756DCF7-E0DE-471E-973F-975FAED1C477}"
EndProject
Project("{9A19103F-16F7-4668-BE54-9A1E7A4F7556}") = "EsepWebhook.Tests", "src\webhooks\EsepWebhook\test\EsepWebhook.Tests\EsepWebhook.Tests.csproj", "{0B6755CA-B8A2-4A4C-AAB7-1EF1A67A4038}"
EndProject
Global
	GlobalSection(SolutionConfigurationPlatforms) = preSolution
		Debug|Any CPU = Debug|Any CPU
		Release|Any CPU = Release|Any CPU
	EndGlobalSection
	GlobalSection(ProjectConfigurationPlatforms) = postSolution
		{5535A155-401F-4445-9E34-A339B004294C}.Debug|Any CPU.ActiveCfg = Debug|Any CPU
		{5535A155-401F-4445-9E34-A339B004294C}.Debug|Any CPU.Build.0 = Debug|Any CPU
		{5535A155-401F-4445-9E34-A339B004294C}.Release|Any CPU.ActiveCfg = Release|Any CPU
		{5535A155-401F-4445-9E34-A339B004294C}.Release|Any CPU.Build.0 = Release|Any CPU
		{1B8455E0-EE4B-47F9-A7DB-81879FC1E450}.Debug|Any CPU.ActiveCfg = Debug|Any CPU
		{1B8455E0-EE4B-47F9-A7DB-81879FC1E450}.Debug|Any CPU.Build.0 = Debug|Any CPU
		{1B8455E0-EE4B-47F9-A7DB-81879FC1E450}.Release|Any CPU.ActiveCfg = Release|Any CPU
		{1B8455E0-EE4B-47F9-A7DB-81879FC1E450}.Release|Any CPU.Build.0 = Release|Any CPU
		{5A21B660-378B-4EE4-B1F6-475358AEBA40}.Debug|Any CPU.ActiveCfg = Debug|Any CPU
		{5A21B660-378B-4EE4-B1F6-475358AEBA40}.Debug|Any CPU.Build.0 = Debug|Any CPU
		{5A21B660-378B-4EE4-B1F6-475358AEBA40}.Release|Any CPU.ActiveCfg = Release|Any CPU
		{5A21B660-378B-4EE4-B1F6-475358AEBA40}.Release|Any CPU.Build.0 = Release|Any CPU
		{0B6755CA-B8A2-4A4C-AAB7-1EF1A67A4038}.Debug|Any CPU.ActiveCfg = Debug|Any CPU
		{0B6755CA-B8A2-4A4C-AAB7-1EF1A67A4038}.Debug|Any CPU.Build.0 = Debug|Any CPU
		{0B6755CA-B8A2-4A4C-AAB7-1EF1A67A4038}.Release|Any CPU.ActiveCfg = Release|Any CPU
		{0B6755CA-B8A2-4A4C-AAB7-1EF1A67A4038}.Release|Any CPU.Build.0 = Release|Any CPU
	EndGlobalSection
	GlobalSection(SolutionProperties) = preSolution
		HideSolutionNode = FALSE
	EndGlobalSection
	GlobalSection(NestedProjects) = preSolution
		{73FA53BC-F75D-43DE-B597-09B9E2EAC89E} = {AAD4DEBA-D599-4CEB-94D8-78AF07814E92}
		{69F90A31-1755-4A3A-9817-F38D9BA99CB5} = {73FA53BC-F75D-43DE-B597-09B9E2EAC89E}
		{5535A155-401F-4445-9E34-A339B004294C} = {69F90A31-1755-4A3A-9817-F38D9BA99CB5}
		{F3E4A91B-29DD-42A9-9B37-780FB4693DD5} = {73FA53BC-F75D-43DE-B597-09B9E2EAC89E}
		{1B8455E0-EE4B-47F9-A7DB-81879FC1E450} = {F3E4A91B-29DD-42A9-9B37-780FB4693DD5}
		{41C109D8-AEBB-4420-BE4D-6347B4824E01} = {73FA53BC-F75D-43DE-B597-09B9E2EAC89E}
		{FA50B859-D7A0-4FE3-850F-B4D902F7690B} = {41C109D8-AEBB-4420-BE4D-6347B4824E01}
		{5A21B660-378B-4EE4-B1F6-475358AEBA40} = {FA50B859-D7A0-4FE3-850F-B4D902F7690B}
		{0756DCF7-E0DE-471E-973F-975FAED1C477} = {41C109D8-AEBB-4420-BE4D-6347B4824E01}
		{0B6755CA-B8A2-4A4C-AAB7-1EF1A67A4038} = {0756DCF7-E0DE-471E-973F-975FAED1C477}
	EndGlobalSection
	GlobalSection(ExtensibilityGlobals) = postSolution
		SolutionGuid = {FC51854B-B364-413A-9CFB-5223AF9F8043}
	EndGlobalSection
EndGlobal
